
Microsoft Visual Studio Solution File, Format Version 12.00
# Visual Studio Version 16
VisualStudioVersion = 16.0.31105.61
MinimumVisualStudioVersion = 10.0.40219.1
Project("{FAE04EC0-301F-11D3-BF4B-00C04F79EFBC}") = "Lab4_2", "Lab4_2\Lab4_2.csproj", "{241DA8B8-B02A-4925-9CC9-8D9AE29A36CB}"
EndProject
Global
	GlobalSection(SolutionConfigurationPlatforms) = preSolution
		Debug|Any CPU = Debug|Any CPU
		Release|Any CPU = Release|Any CPU
	EndGlobalSection
	GlobalSection(ProjectConfigurationPlatforms) = postSolution
		{241DA8B8-B02A-4925-9CC9-8D9AE29A36CB}.Debug|Any CPU.ActiveCfg = Debug|Any CPU
		{241DA8B8-B02A-4925-9CC9-8D9AE29A36CB}.Debug|Any CPU.Build.0 = Debug|Any CPU
		{241DA8B8-B02A-4925-9CC9-8D9AE29A36CB}.Release|Any CPU.ActiveCfg = Release|Any CPU
		{241DA8B8-B02A-4925-9CC9-8D9AE29A36CB}.Release|Any CPU.Build.0 = Release|Any CPU
	EndGlobalSection
	GlobalSection(SolutionProperties) = preSolution
		HideSolutionNode = FALSE
	EndGlobalSection
	GlobalSection(ExtensibilityGlobals) = postSolution
		SolutionGuid = {84038C6E-63BB-4B2E-B837-4B3E8365F731}
	EndGlobalSection
EndGlobal
